// !$*UTF8*$!
{
	archiveVersion = 1;
	classes = {
	};
	objectVersion = 46;
	objects = {

/* Begin PBXBuildFile section */
		0130BA911E4AF7ED00B0E416 /* AppDelegate.swift in Sources */ = {isa = PBXBuildFile; fileRef = 0130BA901E4AF7ED00B0E416 /* AppDelegate.swift */; };
		0130BA991E4AF7ED00B0E416 /* CoreDate_New.xcdatamodeld in Sources */ = {isa = PBXBuildFile; fileRef = 0130BA971E4AF7ED00B0E416 /* CoreDate_New.xcdatamodeld */; };
		0130BA9B1E4AF7ED00B0E416 /* Assets.xcassets in Resources */ = {isa = PBXBuildFile; fileRef = 0130BA9A1E4AF7ED00B0E416 /* Assets.xcassets */; };
		0130BA9E1E4AF7ED00B0E416 /* LaunchScreen.storyboard in Resources */ = {isa = PBXBuildFile; fileRef = 0130BA9C1E4AF7ED00B0E416 /* LaunchScreen.storyboard */; };
		0130BAA91E4AF80900B0E416 /* ViewController.swift in Sources */ = {isa = PBXBuildFile; fileRef = 0130BAA51E4AF80900B0E416 /* ViewController.swift */; };
		0130BAAA1E4AF80900B0E416 /* ShowDetailViewController.swift in Sources */ = {isa = PBXBuildFile; fileRef = 0130BAA61E4AF80900B0E416 /* ShowDetailViewController.swift */; };
		0130BAAB1E4AF80900B0E416 /* Main.storyboard in Resources */ = {isa = PBXBuildFile; fileRef = 0130BAA81E4AF80900B0E416 /* Main.storyboard */; };
		0130BAB21E4B3E4300B0E416 /* Table_Cell.xib in Resources */ = {isa = PBXBuildFile; fileRef = 0130BAB11E4B3E4300B0E416 /* Table_Cell.xib */; };
		0130BAB41E4B3EC500B0E416 /* Table_Cell.swift in Sources */ = {isa = PBXBuildFile; fileRef = 0130BAB31E4B3EC500B0E416 /* Table_Cell.swift */; };
/* End PBXBuildFile section */

/* Begin PBXFileReference section */
		0130BA8D1E4AF7ED00B0E416 /* CoreDate_New.app */ = {isa = PBXFileReference; explicitFileType = wrapper.application; includeInIndex = 0; path = CoreDate_New.app; sourceTree = BUILT_PRODUCTS_DIR; };
		0130BA901E4AF7ED00B0E416 /* AppDelegate.swift */ = {isa = PBXFileReference; lastKnownFileType = sourcecode.swift; path = AppDelegate.swift; sourceTree = "<group>"; };
		0130BA981E4AF7ED00B0E416 /* CoreDate_New.xcdatamodel */ = {isa = PBXFileReference; lastKnownFileType = wrapper.xcdatamodel; path = CoreDate_New.xcdatamodel; sourceTree = "<group>"; };
		0130BA9A1E4AF7ED00B0E416 /* Assets.xcassets */ = {isa = PBXFileReference; lastKnownFileType = folder.assetcatalog; path = Assets.xcassets; sourceTree = "<group>"; };
		0130BA9D1E4AF7ED00B0E416 /* Base */ = {isa = PBXFileReference; lastKnownFileType = file.storyboard; name = Base; path = Base.lproj/LaunchScreen.storyboard; sourceTree = "<group>"; };
		0130BA9F1E4AF7ED00B0E416 /* Info.plist */ = {isa = PBXFileReference; lastKnownFileType = text.plist.xml; path = Info.plist; sourceTree = "<group>"; };
		0130BAA51E4AF80900B0E416 /* ViewController.swift */ = {isa = PBXFileReference; fileEncoding = 4; lastKnownFileType = sourcecode.swift; name = ViewController.swift; path = ../../CoreData_Test/CoreData_Test/ViewController.swift; sourceTree = "<group>"; };
		0130BAA61E4AF80900B0E416 /* ShowDetailViewController.swift */ = {isa = PBXFileReference; fileEncoding = 4; lastKnownFileType = sourcecode.swift; name = ShowDetailViewController.swift; path = ../../CoreData_Test/CoreData_Test/ShowDetailViewController.swift; sourceTree = "<group>"; };
		0130BAA71E4AF80900B0E416 /* Base */ = {isa = PBXFileReference; lastKnownFileType = file.storyboard; name = Base; path = Base.lproj/Main.storyboard; sourceTree = "<group>"; };
		0130BAB11E4B3E4300B0E416 /* Table_Cell.xib */ = {isa = PBXFileReference; fileEncoding = 4; lastKnownFileType = file.xib; path = Table_Cell.xib; sourceTree = "<group>"; };
		0130BAB31E4B3EC500B0E416 /* Table_Cell.swift */ = {isa = PBXFileReference; fileEncoding = 4; lastKnownFileType = sourcecode.swift; path = Table_Cell.swift; sourceTree = "<group>"; };
/* End PBXFileReference section */

/* Begin PBXFrameworksBuildPhase section */
		0130BA8A1E4AF7ED00B0E416 /* Frameworks */ = {
			isa = PBXFrameworksBuildPhase;
			buildActionMask = 2147483647;
			files = (
			);
			runOnlyForDeploymentPostprocessing = 0;
		};
/* End PBXFrameworksBuildPhase section */

/* Begin PBXGroup section */
		0130BA841E4AF7ED00B0E416 = {
			isa = PBXGroup;
			children = (
				0130BA8F1E4AF7ED00B0E416 /* CoreDate_New */,
				0130BA8E1E4AF7ED00B0E416 /* Products */,
			);
			sourceTree = "<group>";
		};
		0130BA8E1E4AF7ED00B0E416 /* Products */ = {
			isa = PBXGroup;
			children = (
				0130BA8D1E4AF7ED00B0E416 /* CoreDate_New.app */,
			);
			name = Products;
			sourceTree = "<group>";
		};
		0130BA8F1E4AF7ED00B0E416 /* CoreDate_New */ = {
			isa = PBXGroup;
			children = (
				0130BA901E4AF7ED00B0E416 /* AppDelegate.swift */,
				0130BAA51E4AF80900B0E416 /* ViewController.swift */,
				0130BAA61E4AF80900B0E416 /* ShowDetailViewController.swift */,
				0130BAA81E4AF80900B0E416 /* Main.storyboard */,
				0130BA9C1E4AF7ED00B0E416 /* LaunchScreen.storyboard */,
				0130BA9A1E4AF7ED00B0E416 /* Assets.xcassets */,
				0130BA9F1E4AF7ED00B0E416 /* Info.plist */,
				0130BA971E4AF7ED00B0E416 /* CoreDate_New.xcdatamodeld */,
				0130BAB11E4B3E4300B0E416 /* Table_Cell.xib */,
				0130BAB31E4B3EC500B0E416 /* Table_Cell.swift */,
			);
			path = CoreDate_New;
			sourceTree = "<group>";
		};
/* End PBXGroup section */

/* Begin PBXNativeTarget section */
		0130BA8C1E4AF7ED00B0E416 /* CoreDate_New */ = {
			isa = PBXNativeTarget;
			buildConfigurationList = 0130BAA21E4AF7ED00B0E416 /* Build configuration list for PBXNativeTarget "CoreDate_New" */;
			buildPhases = (
				0130BA891E4AF7ED00B0E416 /* Sources */,
				0130BA8A1E4AF7ED00B0E416 /* Frameworks */,
				0130BA8B1E4AF7ED00B0E416 /* Resources */,
			);
			buildRules = (
			);
			dependencies = (
			);
			name = CoreDate_New;
			productName = CoreDate_New;
			productReference = 0130BA8D1E4AF7ED00B0E416 /* CoreDate_New.app */;
			productType = "com.apple.product-type.application";
		};
/* End PBXNativeTarget section */

/* Begin PBXProject section */
		0130BA851E4AF7ED00B0E416 /* Project object */ = {
			isa = PBXProject;
			attributes = {
				LastSwiftUpdateCheck = 0820;
				LastUpgradeCheck = 0820;
				ORGANIZATIONNAME = myTest;
				TargetAttributes = {
					0130BA8C1E4AF7ED00B0E416 = {
						CreatedOnToolsVersion = 8.2.1;
						ProvisioningStyle = Automatic;
					};
				};
			};
			buildConfigurationList = 0130BA881E4AF7ED00B0E416 /* Build configuration list for PBXProject "CoreDate_New" */;
			compatibilityVersion = "Xcode 3.2";
			developmentRegion = English;
			hasScannedForEncodings = 0;
			knownRegions = (
				en,
				Base,
			);
			mainGroup = 0130BA841E4AF7ED00B0E416;
			productRefGroup = 0130BA8E1E4AF7ED00B0E416 /* Products */;
			projectDirPath = "";
			projectRoot = "";
			targets = (
				0130BA8C1E4AF7ED00B0E416 /* CoreDate_New */,
			);
		};
/* End PBXProject section */

/* Begin PBXResourcesBuildPhase section */
		0130BA8B1E4AF7ED00B0E416 /* Resources */ = {
			isa = PBXResourcesBuildPhase;
			buildActionMask = 2147483647;
			files = (
				0130BAAB1E4AF80900B0E416 /* Main.storyboard in Resources */,
				0130BAB21E4B3E4300B0E416 /* Table_Cell.xib in Resources */,
				0130BA9E1E4AF7ED00B0E416 /* LaunchScreen.storyboard in Resources */,
				0130BA9B1E4AF7ED00B0E416 /* Assets.xcassets in Resources */,
			);
			runOnlyForDeploymentPostprocessing = 0;
		};
/* End PBXResourcesBuildPhase section */

/* Begin PBXSourcesBuildPhase section */
		0130BA891E4AF7ED00B0E416 /* Sources */ = {
			isa = PBXSourcesBuildPhase;
			buildActionMask = 2147483647;
			files = (
				0130BAB41E4B3EC500B0E416 /* Table_Cell.swift in Sources */,
				0130BAAA1E4AF80900B0E416 /* ShowDetailViewController.swift in Sources */,
				0130BAA91E4AF80900B0E416 /* ViewController.swift in Sources */,
				0130BA911E4AF7ED00B0E416 /* AppDelegate.swift in Sources */,
				0130BA991E4AF7ED00B0E416 /* CoreDate_New.xcdatamodeld in Sources */,
			);
			runOnlyForDeploymentPostprocessing = 0;
		};
/* End PBXSourcesBuildPhase section */

/* Begin PBXVariantGroup section */
		0130BA9C1E4AF7ED00B0E416 /* LaunchScreen.storyboard */ = {
			isa = PBXVariantGroup;
			children = (
				0130BA9D1E4AF7ED00B0E416 /* Base */,
			);
			name = LaunchScreen.storyboard;
			sourceTree = "<group>";
		};
		0130BAA81E4AF80900B0E416 /* Main.storyboard */ = {
			isa = PBXVariantGroup;
			children = (
				0130BAA71E4AF80900B0E416 /* Base */,
			);
			name = Main.storyboard;
			path = ../../CoreData_Test/CoreData_Test;
			sourceTree = "<group>";
		};
/* End PBXVariantGroup section */

/* Begin XCBuildConfiguration section */
		0130BAA01E4AF7ED00B0E416 /* Debug */ = {
			isa = XCBuildConfiguration;
			buildSettings = {
				ALWAYS_SEARCH_USER_PATHS = NO;
				CLANG_ANALYZER_NONNULL = YES;
				CLANG_CXX_LANGUAGE_STANDARD = "gnu++0x";
				CLANG_CXX_LIBRARY = "libc++";
				CLANG_ENABLE_MODULES = YES;
				CLANG_ENABLE_OBJC_ARC = YES;
				CLANG_WARN_BOOL_CONVERSION = YES;
				CLANG_WARN_CONSTANT_CONVERSION = YES;
				CLANG_WARN_DIRECT_OBJC_ISA_USAGE = YES_ERROR;
				CLANG_WARN_DOCUMENTATION_COMMENTS = YES;
				CLANG_WARN_EMPTY_BODY = YES;
				CLANG_WARN_ENUM_CONVERSION = YES;
				CLANG_WARN_INFINITE_RECURSION = YES;
				CLANG_WARN_INT_CONVERSION = YES;
				CLANG_WARN_OBJC_ROOT_CLASS = YES_ERROR;
				CLANG_WARN_SUSPICIOUS_MOVE = YES;
				CLANG_WARN_UNREACHABLE_CODE = YES;
				CLANG_WARN__DUPLICATE_METHOD_MATCH = YES;
				"CODE_SIGN_IDENTITY[sdk=iphoneos*]" = "iPhone Developer";
				COPY_PHASE_STRIP = NO;
				DEBUG_INFORMATION_FORMAT = dwarf;
				ENABLE_STRICT_OBJC_MSGSEND = YES;
				ENABLE_TESTABILITY = YES;
				GCC_C_LANGUAGE_STANDARD = gnu99;
				GCC_DYNAMIC_NO_PIC = NO;
				GCC_NO_COMMON_BLOCKS = YES;
				GCC_OPTIMIZATION_LEVEL = 0;
				GCC_PREPROCESSOR_DEFINITIONS = (
					"DEBUG=1",
					"$(inherited)",
				);
				GCC_WARN_64_TO_32_BIT_CONVERSION = YES;
				GCC_WARN_ABOUT_RETURN_TYPE = YES_ERROR;
				GCC_WARN_UNDECLARED_SELECTOR = YES;
				GCC_WARN_UNINITIALIZED_AUTOS = YES_AGGRESSIVE;
				GCC_WARN_UNUSED_FUNCTION = YES;
				GCC_WARN_UNUSED_VARIABLE = YES;
				IPHONEOS_DEPLOYMENT_TARGET = 10.2;
				MTL_ENABLE_DEBUG_INFO = YES;
				ONLY_ACTIVE_ARCH = YES;
				SDKROOT = iphoneos;
				SWIFT_ACTIVE_COMPILATION_CONDITIONS = DEBUG;
				SWIFT_OPTIMIZATION_LEVEL = "-Onone";
				TARGETED_DEVICE_FAMILY = "1,2";
			};
			name = Debug;
		};
		0130BAA11E4AF7ED00B0E416 /* Release */ = {
			isa = XCBuildConfiguration;
			buildSettings = {
				ALWAYS_SEARCH_USER_PATHS = NO;
				CLANG_ANALYZER_NONNULL = YES;
				CLANG_CXX_LANGUAGE_STANDARD = "gnu++0x";
				CLANG_CXX_LIBRARY = "libc++";
				CLANG_ENABLE_MODULES = YES;
				CLANG_ENABLE_OBJC_ARC = YES;
				CLANG_WARN_BOOL_CONVERSION = YES;
				CLANG_WARN_CONSTANT_CONVERSION = YES;
				CLANG_WARN_DIRECT_OBJC_ISA_USAGE = YES_ERROR;
				CLANG_WARN_DOCUMENTATION_COMMENTS = YES;
				CLANG_WARN_EMPTY_BODY = YES;
				CLANG_WARN_ENUM_CONVERSION = YES;
				CLANG_WARN_INFINITE_RECURSION = YES;
				CLANG_WARN_INT_CONVERSION = YES;
				CLANG_WARN_OBJC_ROOT_CLASS = YES_ERROR;
				CLANG_WARN_SUSPICIOUS_MOVE = YES;
				CLANG_WARN_UNREACHABLE_CODE = YES;
				CLANG_WARN__DUPLICATE_METHOD_MATCH = YES;
				"CODE_SIGN_IDENTITY[sdk=iphoneos*]" = "iPhone Developer";
				COPY_PHASE_STRIP = NO;
				DEBUG_INFORMATION_FORMAT = "dwarf-with-dsym";
				ENABLE_NS_ASSERTIONS = NO;
				ENABLE_STRICT_OBJC_MSGSEND = YES;
				GCC_C_LANGUAGE_STANDARD = gnu99;
				GCC_NO_COMMON_BLOCKS = YES;
				GCC_WARN_64_TO_32_BIT_CONVERSION = YES;
				GCC_WARN_ABOUT_RETURN_TYPE = YES_ERROR;
				GCC_WARN_UNDECLARED_SELECTOR = YES;
				GCC_WARN_UNINITIALIZED_AUTOS = YES_AGGRESSIVE;
				GCC_WARN_UNUSED_FUNCTION = YES;
				GCC_WARN_UNUSED_VARIABLE = YES;
				IPHONEOS_DEPLOYMENT_TARGET = 10.2;
				MTL_ENABLE_DEBUG_INFO = NO;
				SDKROOT = iphoneos;
				SWIFT_OPTIMIZATION_LEVEL = "-Owholemodule";
				TARGETED_DEVICE_FAMILY = "1,2";
				VALIDATE_PRODUCT = YES;
			};
			name = Release;
		};
		0130BAA31E4AF7ED00B0E416 /* Debug */ = {
			isa = XCBuildConfiguration;
			buildSettings = {
				ASSETCATALOG_COMPILER_APPICON_NAME = AppIcon;
				INFOPLIST_FILE = CoreDate_New/Info.plist;
				LD_RUNPATH_SEARCH_PATHS = "$(inherited) @executable_path/Frameworks";
				PRODUCT_BUNDLE_IDENTIFIER = "com.ionixx.CoreDate-New";
				PRODUCT_NAME = "$(TARGET_NAME)";
				SWIFT_VERSION = 3.0;
			};
			name = Debug;
		};
		0130BAA41E4AF7ED00B0E416 /* Release */ = {
			isa = XCBuildConfiguration;
			buildSettings = {
				ASSETCATALOG_COMPILER_APPICON_NAME = AppIcon;
				INFOPLIST_FILE = CoreDate_New/Info.plist;
				LD_RUNPATH_SEARCH_PATHS = "$(inherited) @executable_path/Frameworks";
				PRODUCT_BUNDLE_IDENTIFIER = "com.ionixx.CoreDate-New";
				PRODUCT_NAME = "$(TARGET_NAME)";
				SWIFT_VERSION = 3.0;
			};
			name = Release;
		};
/* End XCBuildConfiguration section */

/* Begin XCConfigurationList section */
		0130BA881E4AF7ED00B0E416 /* Build configuration list for PBXProject "CoreDate_New" */ = {
			isa = XCConfigurationList;
			buildConfigurations = (
				0130BAA01E4AF7ED00B0E416 /* Debug */,
				0130BAA11E4AF7ED00B0E416 /* Release */,
			);
			defaultConfigurationIsVisible = 0;
			defaultConfigurationName = Release;
		};
		0130BAA21E4AF7ED00B0E416 /* Build configuration list for PBXNativeTarget "CoreDate_New" */ = {
			isa = XCConfigurationList;
			buildConfigurations = (
				0130BAA31E4AF7ED00B0E416 /* Debug */,
				0130BAA41E4AF7ED00B0E416 /* Release */,
			);
			defaultConfigurationIsVisible = 0;
		};
/* End XCConfigurationList section */

/* Begin XCVersionGroup section */
		0130BA971E4AF7ED00B0E416 /* CoreDate_New.xcdatamodeld */ = {
			isa = XCVersionGroup;
			children = (
				0130BA981E4AF7ED00B0E416 /* CoreDate_New.xcdatamodel */,
			);
			currentVersion = 0130BA981E4AF7ED00B0E416 /* CoreDate_New.xcdatamodel */;
			path = CoreDate_New.xcdatamodeld;
			sourceTree = "<group>";
			versionGroupType = wrapper.xcdatamodel;
		};
/* End XCVersionGroup section */
	};
	rootObject = 0130BA851E4AF7ED00B0E416 /* Project object */;
}
